
Microsoft Visual Studio Solution File, Format Version 12.00
# Visual Studio Version 17
VisualStudioVersion = 17.3.32929.385
MinimumVisualStudioVersion = 10.0.40219.1
Project("{2150E333-8FDC-42A3-9474-1A3956D46DE8}") = "src", "src", "{5AD42178-4F02-4513-A428-B660A5FCF4B4}"
EndProject
Project("{2150E333-8FDC-42A3-9474-1A3956D46DE8}") = "Core", "Core", "{A873EF3E-1C48-4E81-954C-5390BB791C8C}"
EndProject
Project("{2150E333-8FDC-42A3-9474-1A3956D46DE8}") = "Infraestructure", "Infraestructure", "{A0F06241-302B-415B-8508-5D698F3FD24D}"
EndProject
Project("{2150E333-8FDC-42A3-9474-1A3956D46DE8}") = "Presentation", "Presentation", "{529E02A7-BA0A-4D41-8F7C-228908903E9B}"
EndProject
Project("{9A19103F-16F7-4668-BE54-9A1E7A4F7556}") = "Application", "Application\Application.csproj", "{A0618368-7239-4AF0-A9E4-C7B683BC5AE5}"
EndProject
Project("{9A19103F-16F7-4668-BE54-9A1E7A4F7556}") = "Domain", "Domain\Domain.csproj", "{38DF633E-12A3-476B-83AA-99EF009467E6}"
EndProject
Project("{9A19103F-16F7-4668-BE54-9A1E7A4F7556}") = "Persistence", "Persistence\Persistence.csproj", "{8576F9F3-398E-4D12-89D1-F3DE1FE4DC4A}"
EndProject
Project("{9A19103F-16F7-4668-BE54-9A1E7A4F7556}") = "Shared", "Shared\Shared.csproj", "{6082B8EE-851C-42DE-B06E-98E607C4C85F}"
EndProject
Project("{9A19103F-16F7-4668-BE54-9A1E7A4F7556}") = "WebAPI", "WebAPI\WebAPI.csproj", "{59A67250-56BE-4845-9922-31D4DE0E3822}"
EndProject
Project("{FAE04EC0-301F-11D3-BF4B-00C04F79EFBC}") = "Identity", "Identity\Identity.csproj", "{D185E036-D42C-4FFC-A6A8-F4899F8D70FB}"
EndProject
Global
	GlobalSection(SolutionConfigurationPlatforms) = preSolution
		Debug|Any CPU = Debug|Any CPU
		Release|Any CPU = Release|Any CPU
	EndGlobalSection
	GlobalSection(ProjectConfigurationPlatforms) = postSolution
		{A0618368-7239-4AF0-A9E4-C7B683BC5AE5}.Debug|Any CPU.ActiveCfg = Debug|Any CPU
		{A0618368-7239-4AF0-A9E4-C7B683BC5AE5}.Debug|Any CPU.Build.0 = Debug|Any CPU
		{A0618368-7239-4AF0-A9E4-C7B683BC5AE5}.Release|Any CPU.ActiveCfg = Release|Any CPU
		{A0618368-7239-4AF0-A9E4-C7B683BC5AE5}.Release|Any CPU.Build.0 = Release|Any CPU
		{38DF633E-12A3-476B-83AA-99EF009467E6}.Debug|Any CPU.ActiveCfg = Debug|Any CPU
		{38DF633E-12A3-476B-83AA-99EF009467E6}.Debug|Any CPU.Build.0 = Debug|Any CPU
		{38DF633E-12A3-476B-83AA-99EF009467E6}.Release|Any CPU.ActiveCfg = Release|Any CPU
		{38DF633E-12A3-476B-83AA-99EF009467E6}.Release|Any CPU.Build.0 = Release|Any CPU
		{8576F9F3-398E-4D12-89D1-F3DE1FE4DC4A}.Debug|Any CPU.ActiveCfg = Debug|Any CPU
		{8576F9F3-398E-4D12-89D1-F3DE1FE4DC4A}.Debug|Any CPU.Build.0 = Debug|Any CPU
		{8576F9F3-398E-4D12-89D1-F3DE1FE4DC4A}.Release|Any CPU.ActiveCfg = Release|Any CPU
		{8576F9F3-398E-4D12-89D1-F3DE1FE4DC4A}.Release|Any CPU.Build.0 = Release|Any CPU
		{6082B8EE-851C-42DE-B06E-98E607C4C85F}.Debug|Any CPU.ActiveCfg = Debug|Any CPU
		{6082B8EE-851C-42DE-B06E-98E607C4C85F}.Debug|Any CPU.Build.0 = Debug|Any CPU
		{6082B8EE-851C-42DE-B06E-98E607C4C85F}.Release|Any CPU.ActiveCfg = Release|Any CPU
		{6082B8EE-851C-42DE-B06E-98E607C4C85F}.Release|Any CPU.Build.0 = Release|Any CPU
		{59A67250-56BE-4845-9922-31D4DE0E3822}.Debug|Any CPU.ActiveCfg = Debug|Any CPU
		{59A67250-56BE-4845-9922-31D4DE0E3822}.Debug|Any CPU.Build.0 = Debug|Any CPU
		{59A67250-56BE-4845-9922-31D4DE0E3822}.Release|Any CPU.ActiveCfg = Release|Any CPU
		{59A67250-56BE-4845-9922-31D4DE0E3822}.Release|Any CPU.Build.0 = Release|Any CPU
		{D185E036-D42C-4FFC-A6A8-F4899F8D70FB}.Debug|Any CPU.ActiveCfg = Debug|Any CPU
		{D185E036-D42C-4FFC-A6A8-F4899F8D70FB}.Debug|Any CPU.Build.0 = Debug|Any CPU
		{D185E036-D42C-4FFC-A6A8-F4899F8D70FB}.Release|Any CPU.ActiveCfg = Release|Any CPU
		{D185E036-D42C-4FFC-A6A8-F4899F8D70FB}.Release|Any CPU.Build.0 = Release|Any CPU
	EndGlobalSection
	GlobalSection(SolutionProperties) = preSolution
		HideSolutionNode = FALSE
	EndGlobalSection
	GlobalSection(NestedProjects) = preSolution
		{A873EF3E-1C48-4E81-954C-5390BB791C8C} = {5AD42178-4F02-4513-A428-B660A5FCF4B4}
		{A0F06241-302B-415B-8508-5D698F3FD24D} = {5AD42178-4F02-4513-A428-B660A5FCF4B4}
		{529E02A7-BA0A-4D41-8F7C-228908903E9B} = {5AD42178-4F02-4513-A428-B660A5FCF4B4}
		{A0618368-7239-4AF0-A9E4-C7B683BC5AE5} = {A873EF3E-1C48-4E81-954C-5390BB791C8C}
		{38DF633E-12A3-476B-83AA-99EF009467E6} = {A873EF3E-1C48-4E81-954C-5390BB791C8C}
		{8576F9F3-398E-4D12-89D1-F3DE1FE4DC4A} = {A0F06241-302B-415B-8508-5D698F3FD24D}
		{6082B8EE-851C-42DE-B06E-98E607C4C85F} = {A0F06241-302B-415B-8508-5D698F3FD24D}
		{59A67250-56BE-4845-9922-31D4DE0E3822} = {529E02A7-BA0A-4D41-8F7C-228908903E9B}
		{D185E036-D42C-4FFC-A6A8-F4899F8D70FB} = {A0F06241-302B-415B-8508-5D698F3FD24D}
	EndGlobalSection
	GlobalSection(ExtensibilityGlobals) = postSolution
		SolutionGuid = {558B5A20-A04F-418A-8230-A02D0BA35493}
	EndGlobalSection
EndGlobal
